{
  "name": "XIAOMIROUTER-API",
  "lockfileVersion": 2,
  "requires": true,
  "packages": {
    "": {
      "dependencies": {
        "crypto-js": "^4.1.1",
        "form-urlencoded": "^6.0.4",
        "node-fetch": "^2.6.1"
      }
    },
    "node_modules/crypto-js": {
      "version": "4.1.1",
      "resolved": "https://registry.npmjs.org/crypto-js/-/crypto-js-4.1.1.tgz",
      "integrity": "sha512-o2JlM7ydqd3Qk9CA0L4NL6mTzU2sdx96a+oOfPu8Mkl/PK51vSyoi8/rQ8NknZtk44vq15lmhAj9CIAGwgeWKw=="
    },
    "node_modules/form-urlencoded": {
      "version": "6.0.4",
      "resolved": "https://registry.npmjs.org/form-urlencoded/-/form-urlencoded-6.0.4.tgz",
      "integrity": "sha512-39GnqmnZkThJBXiKhBCrBGPKiwFHDgi3lcGO3SfURjXoz9x8quxNRTiIWViYN+QzQXxxl/uyKm+i+0PCj7Aqbw=="
    },
    "node_modules/node-fetch": {
      "version": "2.6.1",
      "resolved": "https://registry.npmjs.org/node-fetch/-/node-fetch-2.6.1.tgz",
      "integrity": "sha512-V4aYg89jEoVRxRb2fJdAg8FHvI7cEyYdVAh94HH0UIK8oJxUfkjlDQN9RbMx+bEjP7+ggMiFRprSti032Oipxw==",
      "engines": {
        "node": "4.x || >=6.0.0"
      }
    }
  },
  "dependencies": {
    "crypto-js": {
      "version": "4.1.1",
      "resolved": "https://registry.npmjs.org/crypto-js/-/crypto-js-4.1.1.tgz",
      "integrity": "sha512-o2JlM7ydqd3Qk9CA0L4NL6mTzU2sdx96a+oOfPu8Mkl/PK51vSyoi8/rQ8NknZtk44vq15lmhAj9CIAGwgeWKw=="
    },
    "form-urlencoded": {
      "version": "6.0.4",
      "resolved": "https://registry.npmjs.org/form-urlencoded/-/form-urlencoded-6.0.4.tgz",
      "integrity": "sha512-39GnqmnZkThJBXiKhBCrBGPKiwFHDgi3lcGO3SfURjXoz9x8quxNRTiIWViYN+QzQXxxl/uyKm+i+0PCj7Aqbw=="
    },
    "node-fetch": {
      "version": "2.6.1",
      "resolved": "https://registry.npmjs.org/node-fetch/-/node-fetch-2.6.1.tgz",
      "integrity": "sha512-V4aYg89jEoVRxRb2fJdAg8FHvI7cEyYdVAh94HH0UIK8oJxUfkjlDQN9RbMx+bEjP7+ggMiFRprSti032Oipxw=="
    }
  }
}
